
Microsoft Visual Studio Solution File, Format Version 12.00
# Visual Studio Version 16
VisualStudioVersion = 16.0.29324.140
MinimumVisualStudioVersion = 15.0.26124.0
Project("{9A19103F-16F7-4668-BE54-9A1E7A4F7556}") = "Dapper.Client", "Dapper.Client\Dapper.Client.csproj", "{04AFBC37-A517-44D1-B67E-11BBD95C83A2}"
EndProject
Project("{9A19103F-16F7-4668-BE54-9A1E7A4F7556}") = "Dapper.Client.Test", "Dapper.Client.Test\Dapper.Client.Test.csproj", "{1ABA45D2-9A22-45E4-9299-3F2294851685}"
EndProject
Project("{2150E333-8FDC-42A3-9474-1A3956D46DE8}") = "documents", "documents", "{79F0004C-808A-4979-9D49-8F5FD9F0F1F4}"
	ProjectSection(SolutionItems) = preProject
		README.md = README.md
		test.sql = test.sql
	EndProjectSection
EndProject
Global
	GlobalSection(SolutionConfigurationPlatforms) = preSolution
		Debug|Any CPU = Debug|Any CPU
		Debug|x64 = Debug|x64
		Debug|x86 = Debug|x86
		Release|Any CPU = Release|Any CPU
		Release|x64 = Release|x64
		Release|x86 = Release|x86
	EndGlobalSection
	GlobalSection(ProjectConfigurationPlatforms) = postSolution
		{04AFBC37-A517-44D1-B67E-11BBD95C83A2}.Debug|Any CPU.ActiveCfg = Debug|Any CPU
		{04AFBC37-A517-44D1-B67E-11BBD95C83A2}.Debug|Any CPU.Build.0 = Debug|Any CPU
		{04AFBC37-A517-44D1-B67E-11BBD95C83A2}.Debug|x64.ActiveCfg = Debug|Any CPU
		{04AFBC37-A517-44D1-B67E-11BBD95C83A2}.Debug|x64.Build.0 = Debug|Any CPU
		{04AFBC37-A517-44D1-B67E-11BBD95C83A2}.Debug|x86.ActiveCfg = Debug|Any CPU
		{04AFBC37-A517-44D1-B67E-11BBD95C83A2}.Debug|x86.Build.0 = Debug|Any CPU
		{04AFBC37-A517-44D1-B67E-11BBD95C83A2}.Release|Any CPU.ActiveCfg = Release|Any CPU
		{04AFBC37-A517-44D1-B67E-11BBD95C83A2}.Release|Any CPU.Build.0 = Release|Any CPU
		{04AFBC37-A517-44D1-B67E-11BBD95C83A2}.Release|x64.ActiveCfg = Release|Any CPU
		{04AFBC37-A517-44D1-B67E-11BBD95C83A2}.Release|x64.Build.0 = Release|Any CPU
		{04AFBC37-A517-44D1-B67E-11BBD95C83A2}.Release|x86.ActiveCfg = Release|Any CPU
		{04AFBC37-A517-44D1-B67E-11BBD95C83A2}.Release|x86.Build.0 = Release|Any CPU
		{1ABA45D2-9A22-45E4-9299-3F2294851685}.Debug|Any CPU.ActiveCfg = Debug|Any CPU
		{1ABA45D2-9A22-45E4-9299-3F2294851685}.Debug|Any CPU.Build.0 = Debug|Any CPU
		{1ABA45D2-9A22-45E4-9299-3F2294851685}.Debug|x64.ActiveCfg = Debug|Any CPU
		{1ABA45D2-9A22-45E4-9299-3F2294851685}.Debug|x64.Build.0 = Debug|Any CPU
		{1ABA45D2-9A22-45E4-9299-3F2294851685}.Debug|x86.ActiveCfg = Debug|Any CPU
		{1ABA45D2-9A22-45E4-9299-3F2294851685}.Debug|x86.Build.0 = Debug|Any CPU
		{1ABA45D2-9A22-45E4-9299-3F2294851685}.Release|Any CPU.ActiveCfg = Release|Any CPU
		{1ABA45D2-9A22-45E4-9299-3F2294851685}.Release|Any CPU.Build.0 = Release|Any CPU
		{1ABA45D2-9A22-45E4-9299-3F2294851685}.Release|x64.ActiveCfg = Release|Any CPU
		{1ABA45D2-9A22-45E4-9299-3F2294851685}.Release|x64.Build.0 = Release|Any CPU
		{1ABA45D2-9A22-45E4-9299-3F2294851685}.Release|x86.ActiveCfg = Release|Any CPU
		{1ABA45D2-9A22-45E4-9299-3F2294851685}.Release|x86.Build.0 = Release|Any CPU
	EndGlobalSection
	GlobalSection(SolutionProperties) = preSolution
		HideSolutionNode = FALSE
	EndGlobalSection
	GlobalSection(ExtensibilityGlobals) = postSolution
		SolutionGuid = {D97554E2-9416-4824-B9D3-AC82B3E2F6B4}
	EndGlobalSection
EndGlobal
